
Microsoft Visual Studio Solution File, Format Version 12.00
# Visual Studio 15
VisualStudioVersion = 15.0.27004.2005
MinimumVisualStudioVersion = 10.0.40219.1
Project("{FAE04EC0-301F-11D3-BF4B-00C04F79EFBC}") = "bakeryweb1", "bakeryweb1\bakeryweb1.csproj", "{E66C2CB6-D915-49EA-9C9A-F252BA2C078C}"
EndProject
Global
	GlobalSection(SolutionConfigurationPlatforms) = preSolution
		Debug|Any CPU = Debug|Any CPU
		Release|Any CPU = Release|Any CPU
	EndGlobalSection
	GlobalSection(ProjectConfigurationPlatforms) = postSolution
		{E66C2CB6-D915-49EA-9C9A-F252BA2C078C}.Debug|Any CPU.ActiveCfg = Debug|Any CPU
		{E66C2CB6-D915-49EA-9C9A-F252BA2C078C}.Debug|Any CPU.Build.0 = Debug|Any CPU
		{E66C2CB6-D915-49EA-9C9A-F252BA2C078C}.Release|Any CPU.ActiveCfg = Release|Any CPU
		{E66C2CB6-D915-49EA-9C9A-F252BA2C078C}.Release|Any CPU.Build.0 = Release|Any CPU
	EndGlobalSection
	GlobalSection(SolutionProperties) = preSolution
		HideSolutionNode = FALSE
	EndGlobalSection
	GlobalSection(ExtensibilityGlobals) = postSolution
		SolutionGuid = {76AE0F61-467E-4747-A5A5-9075A94F9337}
	EndGlobalSection
EndGlobal
